
Microsoft Visual Studio Solution File, Format Version 11.00
# Visual Studio 2010
Project("{FAE04EC0-301F-11D3-BF4B-00C04F79EFBC}") = "WebEntityFramework", "WebEntityFramework\WebEntityFramework.csproj", "{9ED45BAA-69FA-44A9-85D5-EF54C2D7ADCC}"
EndProject
Global
	GlobalSection(SolutionConfigurationPlatforms) = preSolution
		Debug|Any CPU = Debug|Any CPU
		Release|Any CPU = Release|Any CPU
	EndGlobalSection
	GlobalSection(ProjectConfigurationPlatforms) = postSolution
		{9ED45BAA-69FA-44A9-85D5-EF54C2D7ADCC}.Debug|Any CPU.ActiveCfg = Debug|Any CPU
		{9ED45BAA-69FA-44A9-85D5-EF54C2D7ADCC}.Debug|Any CPU.Build.0 = Debug|Any CPU
		{9ED45BAA-69FA-44A9-85D5-EF54C2D7ADCC}.Release|Any CPU.ActiveCfg = Release|Any CPU
		{9ED45BAA-69FA-44A9-85D5-EF54C2D7ADCC}.Release|Any CPU.Build.0 = Release|Any CPU
	EndGlobalSection
	GlobalSection(SolutionProperties) = preSolution
		HideSolutionNode = FALSE
	EndGlobalSection
EndGlobal
